PODS:
  - iRate (1.9)
  - MagicalRecord (2.2):
    - MagicalRecord/Core
  - MagicalRecord/Core (2.2)
  - MMDrawerController (0.5.1):
    - MMDrawerController/Core
    - MMDrawerController/MMDrawerBarButtonItem
    - MMDrawerController/MMDrawerVisualStates
    - MMDrawerController/Subclass
  - MMDrawerController/Core (0.5.1)
  - MMDrawerController/MMDrawerBarButtonItem (0.5.1):
    - MMDrawerController/Core
  - MMDrawerController/MMDrawerVisualStates (0.5.1):
    - MMDrawerController/Core
  - MMDrawerController/Subclass (0.5.1):
    - MMDrawerController/Core
  - RZSquaresLoading (1.0)

DEPENDENCIES:
  - iRate
  - MagicalRecord (~> 2.2)
  - MMDrawerController
  - RZSquaresLoading

SPEC CHECKSUMS:
  iRate: c078290b7477ff01a1890aed221306c73ddaa247
  MagicalRecord: 95d49d74ef752cd52f6ad87bcb474817fc3978cf
  MMDrawerController: 3e22aec684dbee5307ff9d1e76523003a3303a2d
  RZSquaresLoading: 18758db4c4b607878bf9d37c84c6501f4211ab00

COCOAPODS: 0.29.0
